
Microsoft Visual Studio Solution File, Format Version 12.00
# Visual Studio Version 16
VisualStudioVersion = 16.0.810.6
MinimumVisualStudioVersion = 10.0.40219.1
Project("{FAE04EC0-301F-11D3-BF4B-00C04F79EFBC}") = "DIO.SERIES", "DIO.SERIES\DIO.SERIES.csproj", "{39B07C14-25FE-48DD-B497-7E07A5189B49}"
EndProject
Global
	GlobalSection(SolutionConfigurationPlatforms) = preSolution
		Debug|Any CPU = Debug|Any CPU
		Release|Any CPU = Release|Any CPU
	EndGlobalSection
	GlobalSection(ProjectConfigurationPlatforms) = postSolution
		{39B07C14-25FE-48DD-B497-7E07A5189B49}.Debug|Any CPU.ActiveCfg = Debug|Any CPU
		{39B07C14-25FE-48DD-B497-7E07A5189B49}.Debug|Any CPU.Build.0 = Debug|Any CPU
		{39B07C14-25FE-48DD-B497-7E07A5189B49}.Release|Any CPU.ActiveCfg = Release|Any CPU
		{39B07C14-25FE-48DD-B497-7E07A5189B49}.Release|Any CPU.Build.0 = Release|Any CPU
	EndGlobalSection
	GlobalSection(SolutionProperties) = preSolution
		HideSolutionNode = FALSE
	EndGlobalSection
	GlobalSection(ExtensibilityGlobals) = postSolution
		SolutionGuid = {2D7CFF83-3072-42CB-87D9-6217B6E0A767}
	EndGlobalSection
EndGlobal
